PODS:
  - OpenVPNAdapter (0.7.0):
    - OpenVPNAdapter/ASIO (= 0.7.0)
    - OpenVPNAdapter/LZ4 (= 0.7.0)
    - OpenVPNAdapter/mbedTLS (= 0.7.0)
    - OpenVPNAdapter/OpenVPN3 (= 0.7.0)
    - OpenVPNAdapter/OpenVPNAdapter (= 0.7.0)
    - OpenVPNAdapter/OpenVPNClient (= 0.7.0)
  - OpenVPNAdapter/ASIO (0.7.0)
  - OpenVPNAdapter/LZ4 (0.7.0)
  - OpenVPNAdapter/mbedTLS (0.7.0)
  - OpenVPNAdapter/OpenVPN3 (0.7.0)
  - OpenVPNAdapter/OpenVPNAdapter (0.7.0)
  - OpenVPNAdapter/OpenVPNClient (0.7.0)

DEPENDENCIES:
  - OpenVPNAdapter (from `https://github.com/ss-abramchuk/OpenVPNAdapter.git`)

EXTERNAL SOURCES:
  OpenVPNAdapter:
    :git: https://github.com/ss-abramchuk/OpenVPNAdapter.git

CHECKOUT OPTIONS:
  OpenVPNAdapter:
    :commit: efc584cc410c555d3f2a858ef7735f4597d1690d
    :git: https://github.com/ss-abramchuk/OpenVPNAdapter.git

SPEC CHECKSUMS:
  OpenVPNAdapter: 173fcc4c11a3a8a83ae8d250c079cdc5b9fb8ff1

PODFILE CHECKSUM: c8f54ac1f15f77231a6f163550434b473fe5ce4f

COCOAPODS: 1.9.3
