PODS:
  - OpenVPNAdapter (0.7.0):
    - OpenVPNAdapter/ASIO (= 0.7.0)
    - OpenVPNAdapter/LZ4 (= 0.7.0)
    - OpenVPNAdapter/mbedTLS (= 0.7.0)
    - OpenVPNAdapter/OpenVPN3 (= 0.7.0)
    - OpenVPNAdapter/OpenVPNAdapter (= 0.7.0)
    - OpenVPNAdapter/OpenVPNClient (= 0.7.0)
  - OpenVPNAdapter/ASIO (0.7.0)
  - OpenVPNAdapter/LZ4 (0.7.0)
  - OpenVPNAdapter/mbedTLS (0.7.0)
  - OpenVPNAdapter/OpenVPN3 (0.7.0)
  - OpenVPNAdapter/OpenVPNAdapter (0.7.0)
  - OpenVPNAdapter/OpenVPNClient (0.7.0)

DEPENDENCIES:
  - OpenVPNAdapter (from `https://github.com/deneraraujo/OpenVPNAdapter.git`)

EXTERNAL SOURCES:
  OpenVPNAdapter:
    :git: https://github.com/deneraraujo/OpenVPNAdapter.git

CHECKOUT OPTIONS:
  OpenVPNAdapter:
    :commit: fa98daeac9de0df441948601acedcaecd5e0e6a1
    :git: https://github.com/deneraraujo/OpenVPNAdapter.git

SPEC CHECKSUMS:
  OpenVPNAdapter: 173fcc4c11a3a8a83ae8d250c079cdc5b9fb8ff1

PODFILE CHECKSUM: 667d0be556b42fa0ce58287fe386950d18cf61c3

COCOAPODS: 1.9.3
